// !$*UTF8*$!
{
	archiveVersion = 1;
	classes = {
	};
	objectVersion = 46;
	objects = {

/* Begin PBXBuildFile section */
		9F7687281F1A4D91004284CE /* AppDelegate.swift in Sources */ = {isa = PBXBuildFile; fileRef = 9F7687271F1A4D91004284CE /* AppDelegate.swift */; };
		9F76872A1F1A4D91004284CE /* MainVC.swift in Sources */ = {isa = PBXBuildFile; fileRef = 9F7687291F1A4D91004284CE /* MainVC.swift */; };
		9F76872D1F1A4D91004284CE /* Main.storyboard in Resources */ = {isa = PBXBuildFile; fileRef = 9F76872B1F1A4D91004284CE /* Main.storyboard */; };
		9F76872F1F1A4D91004284CE /* Assets.xcassets in Resources */ = {isa = PBXBuildFile; fileRef = 9F76872E1F1A4D91004284CE /* Assets.xcassets */; };
		9F7687321F1A4D91004284CE /* LaunchScreen.storyboard in Resources */ = {isa = PBXBuildFile; fileRef = 9F7687301F1A4D91004284CE /* LaunchScreen.storyboard */; };
		9F76873D1F1A5343004284CE /* still time.ttf in Resources */ = {isa = PBXBuildFile; fileRef = 9F76873C1F1A5343004284CE /* still time.ttf */; };
		9F7687401F1A556D004284CE /* VideoVC.swift in Sources */ = {isa = PBXBuildFile; fileRef = 9F76873F1F1A556D004284CE /* VideoVC.swift */; };
		9F7687421F1A56E4004284CE /* PartyCell.swift in Sources */ = {isa = PBXBuildFile; fileRef = 9F7687411F1A56E4004284CE /* PartyCell.swift */; };
		9F7687441F1A5831004284CE /* PartyRock.swift in Sources */ = {isa = PBXBuildFile; fileRef = 9F7687431F1A5831004284CE /* PartyRock.swift */; };
/* End PBXBuildFile section */

/* Begin PBXFileReference section */
		9F7687241F1A4D91004284CE /* PartyRockApp.app */ = {isa = PBXFileReference; explicitFileType = wrapper.application; includeInIndex = 0; path = PartyRockApp.app; sourceTree = BUILT_PRODUCTS_DIR; };
		9F7687271F1A4D91004284CE /* AppDelegate.swift */ = {isa = PBXFileReference; lastKnownFileType = sourcecode.swift; path = AppDelegate.swift; sourceTree = "<group>"; };
		9F7687291F1A4D91004284CE /* MainVC.swift */ = {isa = PBXFileReference; lastKnownFileType = sourcecode.swift; path = MainVC.swift; sourceTree = "<group>"; };
		9F76872C1F1A4D91004284CE /* Base */ = {isa = PBXFileReference; lastKnownFileType = file.storyboard; name = Base; path = Base.lproj/Main.storyboard; sourceTree = "<group>"; };
		9F76872E1F1A4D91004284CE /* Assets.xcassets */ = {isa = PBXFileReference; lastKnownFileType = folder.assetcatalog; path = Assets.xcassets; sourceTree = "<group>"; };
		9F7687311F1A4D91004284CE /* Base */ = {isa = PBXFileReference; lastKnownFileType = file.storyboard; name = Base; path = Base.lproj/LaunchScreen.storyboard; sourceTree = "<group>"; };
		9F7687331F1A4D91004284CE /* Info.plist */ = {isa = PBXFileReference; lastKnownFileType = text.plist.xml; path = Info.plist; sourceTree = "<group>"; };
		9F76873C1F1A5343004284CE /* still time.ttf */ = {isa = PBXFileReference; lastKnownFileType = file; path = "still time.ttf"; sourceTree = "<group>"; };
		9F76873F1F1A556D004284CE /* VideoVC.swift */ = {isa = PBXFileReference; fileEncoding = 4; lastKnownFileType = sourcecode.swift; path = VideoVC.swift; sourceTree = "<group>"; };
		9F7687411F1A56E4004284CE /* PartyCell.swift */ = {isa = PBXFileReference; fileEncoding = 4; lastKnownFileType = sourcecode.swift; path = PartyCell.swift; sourceTree = "<group>"; };
		9F7687431F1A5831004284CE /* PartyRock.swift */ = {isa = PBXFileReference; fileEncoding = 4; lastKnownFileType = sourcecode.swift; path = PartyRock.swift; sourceTree = "<group>"; };
/* End PBXFileReference section */

/* Begin PBXFrameworksBuildPhase section */
		9F7687211F1A4D91004284CE /* Frameworks */ = {
			isa = PBXFrameworksBuildPhase;
			buildActionMask = 2147483647;
			files = (
			);
			runOnlyForDeploymentPostprocessing = 0;
		};
/* End PBXFrameworksBuildPhase section */

/* Begin PBXGroup section */
		9F76871B1F1A4D91004284CE = {
			isa = PBXGroup;
			children = (
				9F7687261F1A4D91004284CE /* PartyRockApp */,
				9F7687251F1A4D91004284CE /* Products */,
			);
			sourceTree = "<group>";
		};
		9F7687251F1A4D91004284CE /* Products */ = {
			isa = PBXGroup;
			children = (
				9F7687241F1A4D91004284CE /* PartyRockApp.app */,
			);
			name = Products;
			sourceTree = "<group>";
		};
		9F7687261F1A4D91004284CE /* PartyRockApp */ = {
			isa = PBXGroup;
			children = (
				9F76873E1F1A534D004284CE /* Files */,
				9F76873B1F1A4E84004284CE /* Model */,
				9F76873A1F1A4E78004284CE /* View */,
				9F7687391F1A4E5B004284CE /* Controller */,
				9F7687271F1A4D91004284CE /* AppDelegate.swift */,
				9F7687301F1A4D91004284CE /* LaunchScreen.storyboard */,
				9F76872B1F1A4D91004284CE /* Main.storyboard */,
				9F76872E1F1A4D91004284CE /* Assets.xcassets */,
				9F7687331F1A4D91004284CE /* Info.plist */,
			);
			path = PartyRockApp;
			sourceTree = "<group>";
		};
		9F7687391F1A4E5B004284CE /* Controller */ = {
			isa = PBXGroup;
			children = (
				9F7687291F1A4D91004284CE /* MainVC.swift */,
				9F76873F1F1A556D004284CE /* VideoVC.swift */,
			);
			name = Controller;
			sourceTree = "<group>";
		};
		9F76873A1F1A4E78004284CE /* View */ = {
			isa = PBXGroup;
			children = (
				9F7687411F1A56E4004284CE /* PartyCell.swift */,
			);
			name = View;
			sourceTree = "<group>";
		};
		9F76873B1F1A4E84004284CE /* Model */ = {
			isa = PBXGroup;
			children = (
				9F7687431F1A5831004284CE /* PartyRock.swift */,
			);
			name = Model;
			sourceTree = "<group>";
		};
		9F76873E1F1A534D004284CE /* Files */ = {
			isa = PBXGroup;
			children = (
				9F76873C1F1A5343004284CE /* still time.ttf */,
			);
			name = Files;
			sourceTree = "<group>";
		};
/* End PBXGroup section */

/* Begin PBXNativeTarget section */
		9F7687231F1A4D91004284CE /* PartyRockApp */ = {
			isa = PBXNativeTarget;
			buildConfigurationList = 9F7687361F1A4D91004284CE /* Build configuration list for PBXNativeTarget "PartyRockApp" */;
			buildPhases = (
				9F7687201F1A4D91004284CE /* Sources */,
				9F7687211F1A4D91004284CE /* Frameworks */,
				9F7687221F1A4D91004284CE /* Resources */,
			);
			buildRules = (
			);
			dependencies = (
			);
			name = PartyRockApp;
			productName = PartyRockApp;
			productReference = 9F7687241F1A4D91004284CE /* PartyRockApp.app */;
			productType = "com.apple.product-type.application";
		};
/* End PBXNativeTarget section */

/* Begin PBXProject section */
		9F76871C1F1A4D91004284CE /* Project object */ = {
			isa = PBXProject;
			attributes = {
				LastSwiftUpdateCheck = 0830;
				LastUpgradeCheck = 1000;
				ORGANIZATIONNAME = Dare;
				TargetAttributes = {
					9F7687231F1A4D91004284CE = {
						CreatedOnToolsVersion = 8.3.3;
						LastSwiftMigration = 1000;
						ProvisioningStyle = Automatic;
					};
				};
			};
			buildConfigurationList = 9F76871F1F1A4D91004284CE /* Build configuration list for PBXProject "PartyRockApp" */;
			compatibilityVersion = "Xcode 3.2";
			developmentRegion = English;
			hasScannedForEncodings = 0;
			knownRegions = (
				en,
				Base,
			);
			mainGroup = 9F76871B1F1A4D91004284CE;
			productRefGroup = 9F7687251F1A4D91004284CE /* Products */;
			projectDirPath = "";
			projectRoot = "";
			targets = (
				9F7687231F1A4D91004284CE /* PartyRockApp */,
			);
		};
/* End PBXProject section */

/* Begin PBXResourcesBuildPhase section */
		9F7687221F1A4D91004284CE /* Resources */ = {
			isa = PBXResourcesBuildPhase;
			buildActionMask = 2147483647;
			files = (
				9F7687321F1A4D91004284CE /* LaunchScreen.storyboard in Resources */,
				9F76873D1F1A5343004284CE /* still time.ttf in Resources */,
				9F76872F1F1A4D91004284CE /* Assets.xcassets in Resources */,
				9F76872D1F1A4D91004284CE /* Main.storyboard in Resources */,
			);
			runOnlyForDeploymentPostprocessing = 0;
		};
/* End PBXResourcesBuildPhase section */

/* Begin PBXSourcesBuildPhase section */
		9F7687201F1A4D91004284CE /* Sources */ = {
			isa = PBXSourcesBuildPhase;
			buildActionMask = 2147483647;
			files = (
				9F7687401F1A556D004284CE /* VideoVC.swift in Sources */,
				9F76872A1F1A4D91004284CE /* MainVC.swift in Sources */,
				9F7687441F1A5831004284CE /* PartyRock.swift in Sources */,
				9F7687421F1A56E4004284CE /* PartyCell.swift in Sources */,
				9F7687281F1A4D91004284CE /* AppDelegate.swift in Sources */,
			);
			runOnlyForDeploymentPostprocessing = 0;
		};
/* End PBXSourcesBuildPhase section */

/* Begin PBXVariantGroup section */
		9F76872B1F1A4D91004284CE /* Main.storyboard */ = {
			isa = PBXVariantGroup;
			children = (
				9F76872C1F1A4D91004284CE /* Base */,
			);
			name = Main.storyboard;
			sourceTree = "<group>";
		};
		9F7687301F1A4D91004284CE /* LaunchScreen.storyboard */ = {
			isa = PBXVariantGroup;
			children = (
				9F7687311F1A4D91004284CE /* Base */,
			);
			name = LaunchScreen.storyboard;
			sourceTree = "<group>";
		};
/* End PBXVariantGroup section */

/* Begin XCBuildConfiguration section */
		9F7687341F1A4D91004284CE /* Debug */ = {
			isa = XCBuildConfiguration;
			buildSettings = {
				ALWAYS_SEARCH_USER_PATHS = NO;
				CLANG_ANALYZER_NONNULL = YES;
				CLANG_ANALYZER_NUMBER_OBJECT_CONVERSION = YES_AGGRESSIVE;
				CLANG_CXX_LANGUAGE_STANDARD = "gnu++0x";
				CLANG_CXX_LIBRARY = "libc++";
				CLANG_ENABLE_MODULES = YES;
				CLANG_ENABLE_OBJC_ARC = YES;
				CLANG_WARN_BLOCK_CAPTURE_AUTORELEASING = YES;
				CLANG_WARN_BOOL_CONVERSION = YES;
				CLANG_WARN_COMMA = YES;
				CLANG_WARN_CONSTANT_CONVERSION = YES;
				CLANG_WARN_DEPRECATED_OBJC_IMPLEMENTATIONS = YES;
				CLANG_WARN_DIRECT_OBJC_ISA_USAGE = YES_ERROR;
				CLANG_WARN_DOCUMENTATION_COMMENTS = YES;
				CLANG_WARN_EMPTY_BODY = YES;
				CLANG_WARN_ENUM_CONVERSION = YES;
				CLANG_WARN_INFINITE_RECURSION = YES;
				CLANG_WARN_INT_CONVERSION = YES;
				CLANG_WARN_NON_LITERAL_NULL_CONVERSION = YES;
				CLANG_WARN_OBJC_IMPLICIT_RETAIN_SELF = YES;
				CLANG_WARN_OBJC_LITERAL_CONVERSION = YES;
				CLANG_WARN_OBJC_ROOT_CLASS = YES_ERROR;
				CLANG_WARN_RANGE_LOOP_ANALYSIS = YES;
				CLANG_WARN_STRICT_PROTOTYPES = YES;
				CLANG_WARN_SUSPICIOUS_MOVE = YES;
				CLANG_WARN_UNREACHABLE_CODE = YES;
				CLANG_WARN__DUPLICATE_METHOD_MATCH = YES;
				"CODE_SIGN_IDENTITY[sdk=iphoneos*]" = "iPhone Developer";
				COPY_PHASE_STRIP = NO;
				DEBUG_INFORMATION_FORMAT = dwarf;
				ENABLE_STRICT_OBJC_MSGSEND = YES;
				ENABLE_TESTABILITY = YES;
				GCC_C_LANGUAGE_STANDARD = gnu99;
				GCC_DYNAMIC_NO_PIC = NO;
				GCC_NO_COMMON_BLOCKS = YES;
				GCC_OPTIMIZATION_LEVEL = 0;
				GCC_PREPROCESSOR_DEFINITIONS = (
					"DEBUG=1",
					"$(inherited)",
				);
				GCC_WARN_64_TO_32_BIT_CONVERSION = YES;
				GCC_WARN_ABOUT_RETURN_TYPE = YES_ERROR;
				GCC_WARN_UNDECLARED_SELECTOR = YES;
				GCC_WARN_UNINITIALIZED_AUTOS = YES_AGGRESSIVE;
				GCC_WARN_UNUSED_FUNCTION = YES;
				GCC_WARN_UNUSED_VARIABLE = YES;
				IPHONEOS_DEPLOYMENT_TARGET = 11.0;
				MTL_ENABLE_DEBUG_INFO = YES;
				ONLY_ACTIVE_ARCH = YES;
				SDKROOT = iphoneos;
				SWIFT_ACTIVE_COMPILATION_CONDITIONS = DEBUG;
				SWIFT_OPTIMIZATION_LEVEL = "-Onone";
				TARGETED_DEVICE_FAMILY = "1,2";
			};
			name = Debug;
		};
		9F7687351F1A4D91004284CE /* Release */ = {
			isa = XCBuildConfiguration;
			buildSettings = {
				ALWAYS_SEARCH_USER_PATHS = NO;
				CLANG_ANALYZER_NONNULL = YES;
				CLANG_ANALYZER_NUMBER_OBJECT_CONVERSION = YES_AGGRESSIVE;
				CLANG_CXX_LANGUAGE_STANDARD = "gnu++0x";
				CLANG_CXX_LIBRARY = "libc++";
				CLANG_ENABLE_MODULES = YES;
				CLANG_ENABLE_OBJC_ARC = YES;
				CLANG_WARN_BLOCK_CAPTURE_AUTORELEASING = YES;
				CLANG_WARN_BOOL_CONVERSION = YES;
				CLANG_WARN_COMMA = YES;
				CLANG_WARN_CONSTANT_CONVERSION = YES;
				CLANG_WARN_DEPRECATED_OBJC_IMPLEMENTATIONS = YES;
				CLANG_WARN_DIRECT_OBJC_ISA_USAGE = YES_ERROR;
				CLANG_WARN_DOCUMENTATION_COMMENTS = YES;
				CLANG_WARN_EMPTY_BODY = YES;
				CLANG_WARN_ENUM_CONVERSION = YES;
				CLANG_WARN_INFINITE_RECURSION = YES;
				CLANG_WARN_INT_CONVERSION = YES;
				CLANG_WARN_NON_LITERAL_NULL_CONVERSION = YES;
				CLANG_WARN_OBJC_IMPLICIT_RETAIN_SELF = YES;
				CLANG_WARN_OBJC_LITERAL_CONVERSION = YES;
				CLANG_WARN_OBJC_ROOT_CLASS = YES_ERROR;
				CLANG_WARN_RANGE_LOOP_ANALYSIS = YES;
				CLANG_WARN_STRICT_PROTOTYPES = YES;
				CLANG_WARN_SUSPICIOUS_MOVE = YES;
				CLANG_WARN_UNREACHABLE_CODE = YES;
				CLANG_WARN__DUPLICATE_METHOD_MATCH = YES;
				"CODE_SIGN_IDENTITY[sdk=iphoneos*]" = "iPhone Developer";
				COPY_PHASE_STRIP = NO;
				DEBUG_INFORMATION_FORMAT = "dwarf-with-dsym";
				ENABLE_NS_ASSERTIONS = NO;
				ENABLE_STRICT_OBJC_MSGSEND = YES;
				GCC_C_LANGUAGE_STANDARD = gnu99;
				GCC_NO_COMMON_BLOCKS = YES;
				GCC_WARN_64_TO_32_BIT_CONVERSION = YES;
				GCC_WARN_ABOUT_RETURN_TYPE = YES_ERROR;
				GCC_WARN_UNDECLARED_SELECTOR = YES;
				GCC_WARN_UNINITIALIZED_AUTOS = YES_AGGRESSIVE;
				GCC_WARN_UNUSED_FUNCTION = YES;
				GCC_WARN_UNUSED_VARIABLE = YES;
				IPHONEOS_DEPLOYMENT_TARGET = 11.0;
				MTL_ENABLE_DEBUG_INFO = NO;
				SDKROOT = iphoneos;
				SWIFT_OPTIMIZATION_LEVEL = "-Owholemodule";
				TARGETED_DEVICE_FAMILY = "1,2";
				VALIDATE_PRODUCT = YES;
			};
			name = Release;
		};
		9F7687371F1A4D91004284CE /* Debug */ = {
			isa = XCBuildConfiguration;
			buildSettings = {
				ASSETCATALOG_COMPILER_APPICON_NAME = AppIcon;
				INFOPLIST_FILE = PartyRockApp/Info.plist;
				LD_RUNPATH_SEARCH_PATHS = "$(inherited) @executable_path/Frameworks";
				PRODUCT_BUNDLE_IDENTIFIER = teddy.PartyRockApp;
				PRODUCT_NAME = "$(TARGET_NAME)";
				SWIFT_SWIFT3_OBJC_INFERENCE = On;
				SWIFT_VERSION = 4.2;
			};
			name = Debug;
		};
		9F7687381F1A4D91004284CE /* Release */ = {
			isa = XCBuildConfiguration;
			buildSettings = {
				ASSETCATALOG_COMPILER_APPICON_NAME = AppIcon;
				INFOPLIST_FILE = PartyRockApp/Info.plist;
				LD_RUNPATH_SEARCH_PATHS = "$(inherited) @executable_path/Frameworks";
				PRODUCT_BUNDLE_IDENTIFIER = teddy.PartyRockApp;
				PRODUCT_NAME = "$(TARGET_NAME)";
				SWIFT_SWIFT3_OBJC_INFERENCE = On;
				SWIFT_VERSION = 4.2;
			};
			name = Release;
		};
/* End XCBuildConfiguration section */

/* Begin XCConfigurationList section */
		9F76871F1F1A4D91004284CE /* Build configuration list for PBXProject "PartyRockApp" */ = {
			isa = XCConfigurationList;
			buildConfigurations = (
				9F7687341F1A4D91004284CE /* Debug */,
				9F7687351F1A4D91004284CE /* Release */,
			);
			defaultConfigurationIsVisible = 0;
			defaultConfigurationName = Release;
		};
		9F7687361F1A4D91004284CE /* Build configuration list for PBXNativeTarget "PartyRockApp" */ = {
			isa = XCConfigurationList;
			buildConfigurations = (
				9F7687371F1A4D91004284CE /* Debug */,
				9F7687381F1A4D91004284CE /* Release */,
			);
			defaultConfigurationIsVisible = 0;
			defaultConfigurationName = Release;
		};
/* End XCConfigurationList section */
	};
	rootObject = 9F76871C1F1A4D91004284CE /* Project object */;
}
